
Microsoft Visual Studio Solution File, Format Version 12.00
# Visual Studio Version 16
VisualStudioVersion = 16.0.31005.135
MinimumVisualStudioVersion = 10.0.40219.1
Project("{FAE04EC0-301F-11D3-BF4B-00C04F79EFBC}") = "prjMyPrj", "prjMyPrj\prjMyPrj.csproj", "{5C044AC1-B3F3-40D2-8266-EB71AA643B25}"
EndProject
Global
	GlobalSection(SolutionConfigurationPlatforms) = preSolution
		Debug|Any CPU = Debug|Any CPU
		Release|Any CPU = Release|Any CPU
	EndGlobalSection
	GlobalSection(ProjectConfigurationPlatforms) = postSolution
		{5C044AC1-B3F3-40D2-8266-EB71AA643B25}.Debug|Any CPU.ActiveCfg = Debug|Any CPU
		{5C044AC1-B3F3-40D2-8266-EB71AA643B25}.Debug|Any CPU.Build.0 = Debug|Any CPU
		{5C044AC1-B3F3-40D2-8266-EB71AA643B25}.Release|Any CPU.ActiveCfg = Release|Any CPU
		{5C044AC1-B3F3-40D2-8266-EB71AA643B25}.Release|Any CPU.Build.0 = Release|Any CPU
	EndGlobalSection
	GlobalSection(SolutionProperties) = preSolution
		HideSolutionNode = FALSE
	EndGlobalSection
	GlobalSection(ExtensibilityGlobals) = postSolution
		SolutionGuid = {A1104C77-2F44-49C5-BBD2-598CDEDEC021}
	EndGlobalSection
EndGlobal
